
Microsoft Visual Studio Solution File, Format Version 12.00
# Visual Studio Version 16
VisualStudioVersion = 16.0.32510.428
MinimumVisualStudioVersion = 10.0.40219.1
Project("{FAE04EC0-301F-11D3-BF4B-00C04F79EFBC}") = "FileDirectory", "FileDirectory\FileDirectory.csproj", "{B66FFDBD-1832-4196-BA2F-4D6551F5BD7A}"
EndProject
Global
	GlobalSection(SolutionConfigurationPlatforms) = preSolution
		Debug|Any CPU = Debug|Any CPU
		Release|Any CPU = Release|Any CPU
	EndGlobalSection
	GlobalSection(ProjectConfigurationPlatforms) = postSolution
		{B66FFDBD-1832-4196-BA2F-4D6551F5BD7A}.Debug|Any CPU.ActiveCfg = Debug|Any CPU
		{B66FFDBD-1832-4196-BA2F-4D6551F5BD7A}.Debug|Any CPU.Build.0 = Debug|Any CPU
		{B66FFDBD-1832-4196-BA2F-4D6551F5BD7A}.Release|Any CPU.ActiveCfg = Release|Any CPU
		{B66FFDBD-1832-4196-BA2F-4D6551F5BD7A}.Release|Any CPU.Build.0 = Release|Any CPU
	EndGlobalSection
	GlobalSection(SolutionProperties) = preSolution
		HideSolutionNode = FALSE
	EndGlobalSection
	GlobalSection(ExtensibilityGlobals) = postSolution
		SolutionGuid = {A7C44CD8-F3B8-44C9-96BE-884ED4ED3F3D}
	EndGlobalSection
EndGlobal
