
Microsoft Visual Studio Solution File, Format Version 12.00
# Visual Studio Version 16
VisualStudioVersion = 16.0.32510.428
MinimumVisualStudioVersion = 10.0.40219.1
Project("{FAE04EC0-301F-11D3-BF4B-00C04F79EFBC}") = "SummarisingText", "SummarisingText\SummarisingText.csproj", "{F0D519F2-816B-4691-AD7B-85651BF77D7F}"
EndProject
Global
	GlobalSection(SolutionConfigurationPlatforms) = preSolution
		Debug|Any CPU = Debug|Any CPU
		Release|Any CPU = Release|Any CPU
	EndGlobalSection
	GlobalSection(ProjectConfigurationPlatforms) = postSolution
		{F0D519F2-816B-4691-AD7B-85651BF77D7F}.Debug|Any CPU.ActiveCfg = Debug|Any CPU
		{F0D519F2-816B-4691-AD7B-85651BF77D7F}.Debug|Any CPU.Build.0 = Debug|Any CPU
		{F0D519F2-816B-4691-AD7B-85651BF77D7F}.Release|Any CPU.ActiveCfg = Release|Any CPU
		{F0D519F2-816B-4691-AD7B-85651BF77D7F}.Release|Any CPU.Build.0 = Release|Any CPU
	EndGlobalSection
	GlobalSection(SolutionProperties) = preSolution
		HideSolutionNode = FALSE
	EndGlobalSection
	GlobalSection(ExtensibilityGlobals) = postSolution
		SolutionGuid = {A1E3A3E6-8969-46FE-898D-9C2E9F3F16D9}
	EndGlobalSection
EndGlobal
