
Microsoft Visual Studio Solution File, Format Version 12.00
# Visual Studio Version 16
VisualStudioVersion = 16.0.32510.428
MinimumVisualStudioVersion = 10.0.40219.1
Project("{FAE04EC0-301F-11D3-BF4B-00C04F79EFBC}") = "DirectoryClass", "DirectoryClass\DirectoryClass.csproj", "{B9C12742-6D97-4D16-96C1-DE3BE06F7AC1}"
EndProject
Global
	GlobalSection(SolutionConfigurationPlatforms) = preSolution
		Debug|Any CPU = Debug|Any CPU
		Release|Any CPU = Release|Any CPU
	EndGlobalSection
	GlobalSection(ProjectConfigurationPlatforms) = postSolution
		{B9C12742-6D97-4D16-96C1-DE3BE06F7AC1}.Debug|Any CPU.ActiveCfg = Debug|Any CPU
		{B9C12742-6D97-4D16-96C1-DE3BE06F7AC1}.Debug|Any CPU.Build.0 = Debug|Any CPU
		{B9C12742-6D97-4D16-96C1-DE3BE06F7AC1}.Release|Any CPU.ActiveCfg = Release|Any CPU
		{B9C12742-6D97-4D16-96C1-DE3BE06F7AC1}.Release|Any CPU.Build.0 = Release|Any CPU
	EndGlobalSection
	GlobalSection(SolutionProperties) = preSolution
		HideSolutionNode = FALSE
	EndGlobalSection
	GlobalSection(ExtensibilityGlobals) = postSolution
		SolutionGuid = {1C3A6B31-76A2-438E-B8F5-68C5DA5D2F42}
	EndGlobalSection
EndGlobal
