
Microsoft Visual Studio Solution File, Format Version 12.00
# Visual Studio Version 16
VisualStudioVersion = 16.0.32510.428
MinimumVisualStudioVersion = 10.0.40219.1
Project("{FAE04EC0-301F-11D3-BF4B-00C04F79EFBC}") = "PathClass", "PathClass\PathClass.csproj", "{55CA45E8-508B-4D2F-9314-F7C09BDC31C1}"
EndProject
Global
	GlobalSection(SolutionConfigurationPlatforms) = preSolution
		Debug|Any CPU = Debug|Any CPU
		Release|Any CPU = Release|Any CPU
	EndGlobalSection
	GlobalSection(ProjectConfigurationPlatforms) = postSolution
		{55CA45E8-508B-4D2F-9314-F7C09BDC31C1}.Debug|Any CPU.ActiveCfg = Debug|Any CPU
		{55CA45E8-508B-4D2F-9314-F7C09BDC31C1}.Debug|Any CPU.Build.0 = Debug|Any CPU
		{55CA45E8-508B-4D2F-9314-F7C09BDC31C1}.Release|Any CPU.ActiveCfg = Release|Any CPU
		{55CA45E8-508B-4D2F-9314-F7C09BDC31C1}.Release|Any CPU.Build.0 = Release|Any CPU
	EndGlobalSection
	GlobalSection(SolutionProperties) = preSolution
		HideSolutionNode = FALSE
	EndGlobalSection
	GlobalSection(ExtensibilityGlobals) = postSolution
		SolutionGuid = {94BAF5A7-B07B-44AC-B2BD-B1176CEB6DDB}
	EndGlobalSection
EndGlobal
