
Microsoft Visual Studio Solution File, Format Version 12.00
# Visual Studio Version 16
VisualStudioVersion = 16.0.32510.428
MinimumVisualStudioVersion = 10.0.40219.1
Project("{FAE04EC0-301F-11D3-BF4B-00C04F79EFBC}") = "Array", "Array\Array.csproj", "{47BAE357-1B2E-451B-821E-A06A36A6F43A}"
EndProject
Global
	GlobalSection(SolutionConfigurationPlatforms) = preSolution
		Debug|Any CPU = Debug|Any CPU
		Release|Any CPU = Release|Any CPU
	EndGlobalSection
	GlobalSection(ProjectConfigurationPlatforms) = postSolution
		{47BAE357-1B2E-451B-821E-A06A36A6F43A}.Debug|Any CPU.ActiveCfg = Debug|Any CPU
		{47BAE357-1B2E-451B-821E-A06A36A6F43A}.Debug|Any CPU.Build.0 = Debug|Any CPU
		{47BAE357-1B2E-451B-821E-A06A36A6F43A}.Release|Any CPU.ActiveCfg = Release|Any CPU
		{47BAE357-1B2E-451B-821E-A06A36A6F43A}.Release|Any CPU.Build.0 = Release|Any CPU
	EndGlobalSection
	GlobalSection(SolutionProperties) = preSolution
		HideSolutionNode = FALSE
	EndGlobalSection
	GlobalSection(ExtensibilityGlobals) = postSolution
		SolutionGuid = {DF2F5BB9-CCC9-48C3-BA7A-5D4DF6D415C5}
	EndGlobalSection
EndGlobal
