
Microsoft Visual Studio Solution File, Format Version 12.00
# Visual Studio Version 16
VisualStudioVersion = 16.0.32510.428
MinimumVisualStudioVersion = 10.0.40219.1
Project("{FAE04EC0-301F-11D3-BF4B-00C04F79EFBC}") = "ProceduralProgramming", "ProceduralProgramming\ProceduralProgramming.csproj", "{3CAA09C3-D656-4818-85AB-D67937FA82A5}"
EndProject
Global
	GlobalSection(SolutionConfigurationPlatforms) = preSolution
		Debug|Any CPU = Debug|Any CPU
		Release|Any CPU = Release|Any CPU
	EndGlobalSection
	GlobalSection(ProjectConfigurationPlatforms) = postSolution
		{3CAA09C3-D656-4818-85AB-D67937FA82A5}.Debug|Any CPU.ActiveCfg = Debug|Any CPU
		{3CAA09C3-D656-4818-85AB-D67937FA82A5}.Debug|Any CPU.Build.0 = Debug|Any CPU
		{3CAA09C3-D656-4818-85AB-D67937FA82A5}.Release|Any CPU.ActiveCfg = Release|Any CPU
		{3CAA09C3-D656-4818-85AB-D67937FA82A5}.Release|Any CPU.Build.0 = Release|Any CPU
	EndGlobalSection
	GlobalSection(SolutionProperties) = preSolution
		HideSolutionNode = FALSE
	EndGlobalSection
	GlobalSection(ExtensibilityGlobals) = postSolution
		SolutionGuid = {0C015F6F-3B41-4B47-85DC-4CB95A9180D2}
	EndGlobalSection
EndGlobal
